
Microsoft Visual Studio Solution File, Format Version 12.00
# Visual Studio 15
VisualStudioVersion = 15.0.26228.9
MinimumVisualStudioVersion = 10.0.40219.1
Project("{FAE04EC0-301F-11D3-BF4B-00C04F79EFBC}") = "TrakSearch", "TrakSearch\TrakSearch.csproj", "{E95B2480-41FE-4E6E-9931-BF32A92FB2A2}"
EndProject
Project("{FAE04EC0-301F-11D3-BF4B-00C04F79EFBC}") = "TagIndexer", "TagIndexer\TagIndexer.csproj", "{0CB15DC5-EFF8-46A2-9578-A814F1053410}"
EndProject
Project("{FAE04EC0-301F-11D3-BF4B-00C04F79EFBC}") = "TrakPlayer", "TrakPlayer\TrakPlayer.csproj", "{45BB0021-C871-40C6-88C6-8AE1171CC66A}"
EndProject
Project("{FAE04EC0-301F-11D3-BF4B-00C04F79EFBC}") = "DJ.Utilities", "DJ.Utilities\DJ.Utilities.csproj", "{8328CD1F-CEDD-4D6A-940F-65B1EB6F079D}"
EndProject
Global
	GlobalSection(SolutionConfigurationPlatforms) = preSolution
		Debug|Any CPU = Debug|Any CPU
		Release|Any CPU = Release|Any CPU
	EndGlobalSection
	GlobalSection(ProjectConfigurationPlatforms) = postSolution
		{E95B2480-41FE-4E6E-9931-BF32A92FB2A2}.Debug|Any CPU.ActiveCfg = Debug|Any CPU
		{E95B2480-41FE-4E6E-9931-BF32A92FB2A2}.Debug|Any CPU.Build.0 = Debug|Any CPU
		{E95B2480-41FE-4E6E-9931-BF32A92FB2A2}.Release|Any CPU.ActiveCfg = Release|Any CPU
		{E95B2480-41FE-4E6E-9931-BF32A92FB2A2}.Release|Any CPU.Build.0 = Release|Any CPU
		{0CB15DC5-EFF8-46A2-9578-A814F1053410}.Debug|Any CPU.ActiveCfg = Debug|Any CPU
		{0CB15DC5-EFF8-46A2-9578-A814F1053410}.Debug|Any CPU.Build.0 = Debug|Any CPU
		{0CB15DC5-EFF8-46A2-9578-A814F1053410}.Release|Any CPU.ActiveCfg = Release|Any CPU
		{0CB15DC5-EFF8-46A2-9578-A814F1053410}.Release|Any CPU.Build.0 = Release|Any CPU
		{45BB0021-C871-40C6-88C6-8AE1171CC66A}.Debug|Any CPU.ActiveCfg = Debug|Any CPU
		{45BB0021-C871-40C6-88C6-8AE1171CC66A}.Debug|Any CPU.Build.0 = Debug|Any CPU
		{45BB0021-C871-40C6-88C6-8AE1171CC66A}.Release|Any CPU.ActiveCfg = Release|Any CPU
		{45BB0021-C871-40C6-88C6-8AE1171CC66A}.Release|Any CPU.Build.0 = Release|Any CPU
		{8328CD1F-CEDD-4D6A-940F-65B1EB6F079D}.Debug|Any CPU.ActiveCfg = Debug|Any CPU
		{8328CD1F-CEDD-4D6A-940F-65B1EB6F079D}.Debug|Any CPU.Build.0 = Debug|Any CPU
		{8328CD1F-CEDD-4D6A-940F-65B1EB6F079D}.Release|Any CPU.ActiveCfg = Release|Any CPU
		{8328CD1F-CEDD-4D6A-940F-65B1EB6F079D}.Release|Any CPU.Build.0 = Release|Any CPU
	EndGlobalSection
	GlobalSection(SolutionProperties) = preSolution
		HideSolutionNode = FALSE
	EndGlobalSection
EndGlobal
